
Microsoft Visual Studio Solution File, Format Version 12.00
# Visual Studio 15
VisualStudioVersion = 15.0.28307.1062
MinimumVisualStudioVersion = 10.0.40219.1
Project("{FAE04EC0-301F-11D3-BF4B-00C04F79EFBC}") = "GiftShopView", "GiftShopView\GiftShopView.csproj", "{98E4D078-7A4E-42BE-8FE7-33E7BE8F692E}"
EndProject
Project("{9A19103F-16F7-4668-BE54-9A1E7A4F7556}") = "GiftShopBusinessLogic", "GiftShopBusinessLogic\GiftShopBusinessLogic.csproj", "{41D7E17F-F362-4DD6-A09E-09CB15492FCA}"
EndProject
Project("{9A19103F-16F7-4668-BE54-9A1E7A4F7556}") = "GiftShopListImplement", "GiftShopListImplement\GiftShopListImplement.csproj", "{ACA2913F-0A91-4CDC-87C8-DC6638559214}"
EndProject
Project("{9A19103F-16F7-4668-BE54-9A1E7A4F7556}") = "GiftShopFileImplement", "GiftShopFileImplement\GiftShopFileImplement.csproj", "{980BE766-4352-449E-8673-B75129C75720}"
EndProject
Project("{9A19103F-16F7-4668-BE54-9A1E7A4F7556}") = "GiftShopDatabaseImplement", "GiftShopDatabaseImplement\GiftShopDatabaseImplement.csproj", "{2DFC4D5C-27B4-4407-9DE6-BC2975A40A29}"
EndProject
Project("{9A19103F-16F7-4668-BE54-9A1E7A4F7556}") = "GiftShopRestApi", "GiftShopRestApi\GiftShopRestApi.csproj", "{2E80C5DD-79F1-44F3-9A2B-4FA26C76740C}"
EndProject
Project("{FAE04EC0-301F-11D3-BF4B-00C04F79EFBC}") = "GiftShopClientView", "GiftShopClientView\GiftShopClientView.csproj", "{E186D9B8-8646-4DE4-8FC3-C56D46A925D8}"
EndProject
Global
	GlobalSection(SolutionConfigurationPlatforms) = preSolution
		Debug|Any CPU = Debug|Any CPU
		Release|Any CPU = Release|Any CPU
	EndGlobalSection
	GlobalSection(ProjectConfigurationPlatforms) = postSolution
		{98E4D078-7A4E-42BE-8FE7-33E7BE8F692E}.Debug|Any CPU.ActiveCfg = Debug|Any CPU
		{98E4D078-7A4E-42BE-8FE7-33E7BE8F692E}.Debug|Any CPU.Build.0 = Debug|Any CPU
		{98E4D078-7A4E-42BE-8FE7-33E7BE8F692E}.Release|Any CPU.ActiveCfg = Release|Any CPU
		{98E4D078-7A4E-42BE-8FE7-33E7BE8F692E}.Release|Any CPU.Build.0 = Release|Any CPU
		{41D7E17F-F362-4DD6-A09E-09CB15492FCA}.Debug|Any CPU.ActiveCfg = Debug|Any CPU
		{41D7E17F-F362-4DD6-A09E-09CB15492FCA}.Debug|Any CPU.Build.0 = Debug|Any CPU
		{41D7E17F-F362-4DD6-A09E-09CB15492FCA}.Release|Any CPU.ActiveCfg = Release|Any CPU
		{41D7E17F-F362-4DD6-A09E-09CB15492FCA}.Release|Any CPU.Build.0 = Release|Any CPU
		{ACA2913F-0A91-4CDC-87C8-DC6638559214}.Debug|Any CPU.ActiveCfg = Debug|Any CPU
		{ACA2913F-0A91-4CDC-87C8-DC6638559214}.Debug|Any CPU.Build.0 = Debug|Any CPU
		{ACA2913F-0A91-4CDC-87C8-DC6638559214}.Release|Any CPU.ActiveCfg = Release|Any CPU
		{ACA2913F-0A91-4CDC-87C8-DC6638559214}.Release|Any CPU.Build.0 = Release|Any CPU
		{980BE766-4352-449E-8673-B75129C75720}.Debug|Any CPU.ActiveCfg = Debug|Any CPU
		{980BE766-4352-449E-8673-B75129C75720}.Debug|Any CPU.Build.0 = Debug|Any CPU
		{980BE766-4352-449E-8673-B75129C75720}.Release|Any CPU.ActiveCfg = Release|Any CPU
		{980BE766-4352-449E-8673-B75129C75720}.Release|Any CPU.Build.0 = Release|Any CPU
		{2DFC4D5C-27B4-4407-9DE6-BC2975A40A29}.Debug|Any CPU.ActiveCfg = Debug|Any CPU
		{2DFC4D5C-27B4-4407-9DE6-BC2975A40A29}.Debug|Any CPU.Build.0 = Debug|Any CPU
		{2DFC4D5C-27B4-4407-9DE6-BC2975A40A29}.Release|Any CPU.ActiveCfg = Release|Any CPU
		{2DFC4D5C-27B4-4407-9DE6-BC2975A40A29}.Release|Any CPU.Build.0 = Release|Any CPU
		{2E80C5DD-79F1-44F3-9A2B-4FA26C76740C}.Debug|Any CPU.ActiveCfg = Debug|Any CPU
		{2E80C5DD-79F1-44F3-9A2B-4FA26C76740C}.Debug|Any CPU.Build.0 = Debug|Any CPU
		{2E80C5DD-79F1-44F3-9A2B-4FA26C76740C}.Release|Any CPU.ActiveCfg = Release|Any CPU
		{2E80C5DD-79F1-44F3-9A2B-4FA26C76740C}.Release|Any CPU.Build.0 = Release|Any CPU
		{E186D9B8-8646-4DE4-8FC3-C56D46A925D8}.Debug|Any CPU.ActiveCfg = Debug|Any CPU
		{E186D9B8-8646-4DE4-8FC3-C56D46A925D8}.Debug|Any CPU.Build.0 = Debug|Any CPU
		{E186D9B8-8646-4DE4-8FC3-C56D46A925D8}.Release|Any CPU.ActiveCfg = Release|Any CPU
		{E186D9B8-8646-4DE4-8FC3-C56D46A925D8}.Release|Any CPU.Build.0 = Release|Any CPU
	EndGlobalSection
	GlobalSection(SolutionProperties) = preSolution
		HideSolutionNode = FALSE
	EndGlobalSection
	GlobalSection(ExtensibilityGlobals) = postSolution
		SolutionGuid = {42884EF6-3BF8-43E6-A579-419D69536814}
	EndGlobalSection
EndGlobal
